// !$*UTF8*$!
{
	archiveVersion = 1;
	classes = {
	};
	objectVersion = 48;
	objects = {

/* Begin PBXBuildFile section */
		081E01C3200171870011203D /* AppDelegate.swift in Sources */ = {isa = PBXBuildFile; fileRef = 081E01C2200171870011203D /* AppDelegate.swift */; };
		081E01C5200171870011203D /* BestSellerListVC.swift in Sources */ = {isa = PBXBuildFile; fileRef = 081E01C4200171870011203D /* BestSellerListVC.swift */; };
		081E01C8200171870011203D /* Main.storyboard in Resources */ = {isa = PBXBuildFile; fileRef = 081E01C6200171870011203D /* Main.storyboard */; };
		081E01CB200171870011203D /* NYT_Best_Seller_Books.xcdatamodeld in Sources */ = {isa = PBXBuildFile; fileRef = 081E01C9200171870011203D /* NYT_Best_Seller_Books.xcdatamodeld */; };
		081E01CD200171870011203D /* Assets.xcassets in Resources */ = {isa = PBXBuildFile; fileRef = 081E01CC200171870011203D /* Assets.xcassets */; };
		081E01D0200171870011203D /* LaunchScreen.storyboard in Resources */ = {isa = PBXBuildFile; fileRef = 081E01CE200171870011203D /* LaunchScreen.storyboard */; };
		081E01D9200171DC0011203D /* BookAPIService.swift in Sources */ = {isa = PBXBuildFile; fileRef = 081E01D8200171DC0011203D /* BookAPIService.swift */; };
		081E01F12001C31C0011203D /* constant.swift in Sources */ = {isa = PBXBuildFile; fileRef = 081E01F02001C31C0011203D /* constant.swift */; };
		081E01F32001C4080011203D /* CoreDataStack.swift in Sources */ = {isa = PBXBuildFile; fileRef = 081E01F22001C4080011203D /* CoreDataStack.swift */; };
		081E01F62001C97D0011203D /* BookListCell.swift in Sources */ = {isa = PBXBuildFile; fileRef = 081E01F52001C97D0011203D /* BookListCell.swift */; };
		081E01FD2001CC600011203D /* LastSaleBy+CoreDataClass.swift in Sources */ = {isa = PBXBuildFile; fileRef = 081E01F72001CC600011203D /* LastSaleBy+CoreDataClass.swift */; };
		081E01FE2001CC600011203D /* LastSaleBy+CoreDataProperties.swift in Sources */ = {isa = PBXBuildFile; fileRef = 081E01F82001CC600011203D /* LastSaleBy+CoreDataProperties.swift */; };
		081E01FF2001CC600011203D /* Books+CoreDataClass.swift in Sources */ = {isa = PBXBuildFile; fileRef = 081E01F92001CC600011203D /* Books+CoreDataClass.swift */; };
		081E02002001CC600011203D /* Books+CoreDataProperties.swift in Sources */ = {isa = PBXBuildFile; fileRef = 081E01FA2001CC600011203D /* Books+CoreDataProperties.swift */; };
		081E02012001CC600011203D /* BookList+CoreDataClass.swift in Sources */ = {isa = PBXBuildFile; fileRef = 081E01FB2001CC600011203D /* BookList+CoreDataClass.swift */; };
		081E02022001CC600011203D /* BookList+CoreDataProperties.swift in Sources */ = {isa = PBXBuildFile; fileRef = 081E01FC2001CC600011203D /* BookList+CoreDataProperties.swift */; };
		081E02052001DD0E0011203D /* MaterialView.swift in Sources */ = {isa = PBXBuildFile; fileRef = 081E02042001DD0E0011203D /* MaterialView.swift */; };
		081E02072001DF7D0011203D /* BookService.swift in Sources */ = {isa = PBXBuildFile; fileRef = 081E02062001DF7D0011203D /* BookService.swift */; };
		081E02092001E01B0011203D /* BookDetailVC.swift in Sources */ = {isa = PBXBuildFile; fileRef = 081E02082001E01B0011203D /* BookDetailVC.swift */; };
		081E020D2001F79E0011203D /* BestSellerListName.swift in Sources */ = {isa = PBXBuildFile; fileRef = 081E020C2001F79E0011203D /* BestSellerListName.swift */; };
		0896BEBD20044502003CE253 /* LoadImage.swift in Sources */ = {isa = PBXBuildFile; fileRef = 0896BEBC20044502003CE253 /* LoadImage.swift */; };
		08B17DBC2002BFF200A0EE79 /* BookCells.swift in Sources */ = {isa = PBXBuildFile; fileRef = 08B17DBB2002BFF200A0EE79 /* BookCells.swift */; };
		B7BFCF199D39B1377B0EAAFF /* Pods_NYT_Best_Seller_Books.framework in Frameworks */ = {isa = PBXBuildFile; fileRef = 2DB0CDCEAA2927D05C6CD641 /* Pods_NYT_Best_Seller_Books.framework */; };
/* End PBXBuildFile section */

/* Begin PBXFileReference section */
		081E01BF200171870011203D /* NYT Best Seller Books.app */ = {isa = PBXFileReference; explicitFileType = wrapper.application; includeInIndex = 0; path = "NYT Best Seller Books.app"; sourceTree = BUILT_PRODUCTS_DIR; };
		081E01C2200171870011203D /* AppDelegate.swift */ = {isa = PBXFileReference; lastKnownFileType = sourcecode.swift; path = AppDelegate.swift; sourceTree = "<group>"; };
		081E01C4200171870011203D /* BestSellerListVC.swift */ = {isa = PBXFileReference; lastKnownFileType = sourcecode.swift; path = BestSellerListVC.swift; sourceTree = "<group>"; };
		081E01C7200171870011203D /* Base */ = {isa = PBXFileReference; lastKnownFileType = file.storyboard; name = Base; path = Base.lproj/Main.storyboard; sourceTree = "<group>"; };
		081E01CA200171870011203D /* NYT_Best_Seller_Books.xcdatamodel */ = {isa = PBXFileReference; lastKnownFileType = wrapper.xcdatamodel; path = NYT_Best_Seller_Books.xcdatamodel; sourceTree = "<group>"; };
		081E01CC200171870011203D /* Assets.xcassets */ = {isa = PBXFileReference; lastKnownFileType = folder.assetcatalog; path = Assets.xcassets; sourceTree = "<group>"; };
		081E01CF200171870011203D /* Base */ = {isa = PBXFileReference; lastKnownFileType = file.storyboard; name = Base; path = Base.lproj/LaunchScreen.storyboard; sourceTree = "<group>"; };
		081E01D1200171870011203D /* Info.plist */ = {isa = PBXFileReference; lastKnownFileType = text.plist.xml; path = Info.plist; sourceTree = "<group>"; };
		081E01D8200171DC0011203D /* BookAPIService.swift */ = {isa = PBXFileReference; lastKnownFileType = sourcecode.swift; path = BookAPIService.swift; sourceTree = "<group>"; };
		081E01F02001C31C0011203D /* constant.swift */ = {isa = PBXFileReference; lastKnownFileType = sourcecode.swift; path = constant.swift; sourceTree = "<group>"; };
		081E01F22001C4080011203D /* CoreDataStack.swift */ = {isa = PBXFileReference; lastKnownFileType = sourcecode.swift; path = CoreDataStack.swift; sourceTree = "<group>"; };
		081E01F52001C97D0011203D /* BookListCell.swift */ = {isa = PBXFileReference; lastKnownFileType = sourcecode.swift; path = BookListCell.swift; sourceTree = "<group>"; };
		081E01F72001CC600011203D /* LastSaleBy+CoreDataClass.swift */ = {isa = PBXFileReference; lastKnownFileType = sourcecode.swift; path = "LastSaleBy+CoreDataClass.swift"; sourceTree = "<group>"; };
		081E01F82001CC600011203D /* LastSaleBy+CoreDataProperties.swift */ = {isa = PBXFileReference; lastKnownFileType = sourcecode.swift; path = "LastSaleBy+CoreDataProperties.swift"; sourceTree = "<group>"; };
		081E01F92001CC600011203D /* Books+CoreDataClass.swift */ = {isa = PBXFileReference; lastKnownFileType = sourcecode.swift; path = "Books+CoreDataClass.swift"; sourceTree = "<group>"; };
		081E01FA2001CC600011203D /* Books+CoreDataProperties.swift */ = {isa = PBXFileReference; lastKnownFileType = sourcecode.swift; path = "Books+CoreDataProperties.swift"; sourceTree = "<group>"; };
		081E01FB2001CC600011203D /* BookList+CoreDataClass.swift */ = {isa = PBXFileReference; lastKnownFileType = sourcecode.swift; path = "BookList+CoreDataClass.swift"; sourceTree = "<group>"; };
		081E01FC2001CC600011203D /* BookList+CoreDataProperties.swift */ = {isa = PBXFileReference; lastKnownFileType = sourcecode.swift; path = "BookList+CoreDataProperties.swift"; sourceTree = "<group>"; };
		081E02042001DD0E0011203D /* MaterialView.swift */ = {isa = PBXFileReference; fileEncoding = 4; lastKnownFileType = sourcecode.swift; path = MaterialView.swift; sourceTree = "<group>"; };
		081E02062001DF7D0011203D /* BookService.swift */ = {isa = PBXFileReference; lastKnownFileType = sourcecode.swift; path = BookService.swift; sourceTree = "<group>"; };
		081E02082001E01B0011203D /* BookDetailVC.swift */ = {isa = PBXFileReference; lastKnownFileType = sourcecode.swift; path = BookDetailVC.swift; sourceTree = "<group>"; };
		081E020C2001F79E0011203D /* BestSellerListName.swift */ = {isa = PBXFileReference; fileEncoding = 4; lastKnownFileType = sourcecode.swift; path = BestSellerListName.swift; sourceTree = "<group>"; };
		0896BEBC20044502003CE253 /* LoadImage.swift */ = {isa = PBXFileReference; lastKnownFileType = sourcecode.swift; path = LoadImage.swift; sourceTree = "<group>"; };
		08B17DBB2002BFF200A0EE79 /* BookCells.swift */ = {isa = PBXFileReference; lastKnownFileType = sourcecode.swift; path = BookCells.swift; sourceTree = "<group>"; };
		2DB0CDCEAA2927D05C6CD641 /* Pods_NYT_Best_Seller_Books.framework */ = {isa = PBXFileReference; explicitFileType = wrapper.framework; includeInIndex = 0; path = Pods_NYT_Best_Seller_Books.framework; sourceTree = BUILT_PRODUCTS_DIR; };
		83F2E78AF2D7D46D1E290763 /* Pods-NYT Best Seller Books.debug.xcconfig */ = {isa = PBXFileReference; includeInIndex = 1; lastKnownFileType = text.xcconfig; name = "Pods-NYT Best Seller Books.debug.xcconfig"; path = "Pods/Target Support Files/Pods-NYT Best Seller Books/Pods-NYT Best Seller Books.debug.xcconfig"; sourceTree = "<group>"; };
		BCD1E13CA9C54A3F8B2399B0 /* Pods-NYT Best Seller Books.release.xcconfig */ = {isa = PBXFileReference; includeInIndex = 1; lastKnownFileType = text.xcconfig; name = "Pods-NYT Best Seller Books.release.xcconfig"; path = "Pods/Target Support Files/Pods-NYT Best Seller Books/Pods-NYT Best Seller Books.release.xcconfig"; sourceTree = "<group>"; };
/* End PBXFileReference section */

/* Begin PBXFrameworksBuildPhase section */
		081E01BC200171870011203D /* Frameworks */ = {
			isa = PBXFrameworksBuildPhase;
			buildActionMask = 2147483647;
			files = (
				B7BFCF199D39B1377B0EAAFF /* Pods_NYT_Best_Seller_Books.framework in Frameworks */,
			);
			runOnlyForDeploymentPostprocessing = 0;
		};
/* End PBXFrameworksBuildPhase section */

/* Begin PBXGroup section */
		081E01B6200171870011203D = {
			isa = PBXGroup;
			children = (
				081E01C1200171870011203D /* NYT Best Seller Books */,
				081E01C0200171870011203D /* Products */,
				BC759333F9601C25186D7F41 /* Pods */,
				9B8B35133DB8E2620EF3903E /* Frameworks */,
			);
			sourceTree = "<group>";
		};
		081E01C0200171870011203D /* Products */ = {
			isa = PBXGroup;
			children = (
				081E01BF200171870011203D /* NYT Best Seller Books.app */,
			);
			name = Products;
			sourceTree = "<group>";
		};
		081E01C1200171870011203D /* NYT Best Seller Books */ = {
			isa = PBXGroup;
			children = (
				081E02032001DD0E0011203D /* Extensions */,
				081E01F42001C9380011203D /* View */,
				081E01DB2001796F0011203D /* Model */,
				081E01EF2001C2F80011203D /* Util */,
				081E01D7200171A20011203D /* Services */,
				081E01DA200177C50011203D /* Controller */,
				081E01C2200171870011203D /* AppDelegate.swift */,
				081E01C6200171870011203D /* Main.storyboard */,
				081E01CC200171870011203D /* Assets.xcassets */,
				081E01CE200171870011203D /* LaunchScreen.storyboard */,
				081E01D1200171870011203D /* Info.plist */,
				081E01C9200171870011203D /* NYT_Best_Seller_Books.xcdatamodeld */,
			);
			path = "NYT Best Seller Books";
			sourceTree = "<group>";
		};
		081E01D7200171A20011203D /* Services */ = {
			isa = PBXGroup;
			children = (
				081E01D8200171DC0011203D /* BookAPIService.swift */,
				081E02062001DF7D0011203D /* BookService.swift */,
				0896BEBC20044502003CE253 /* LoadImage.swift */,
			);
			path = Services;
			sourceTree = "<group>";
		};
		081E01DA200177C50011203D /* Controller */ = {
			isa = PBXGroup;
			children = (
				081E01C4200171870011203D /* BestSellerListVC.swift */,
				081E02082001E01B0011203D /* BookDetailVC.swift */,
			);
			path = Controller;
			sourceTree = "<group>";
		};
		081E01DB2001796F0011203D /* Model */ = {
			isa = PBXGroup;
			children = (
				081E01F72001CC600011203D /* LastSaleBy+CoreDataClass.swift */,
				081E01F82001CC600011203D /* LastSaleBy+CoreDataProperties.swift */,
				081E01F92001CC600011203D /* Books+CoreDataClass.swift */,
				081E01FA2001CC600011203D /* Books+CoreDataProperties.swift */,
				081E01FB2001CC600011203D /* BookList+CoreDataClass.swift */,
				081E01FC2001CC600011203D /* BookList+CoreDataProperties.swift */,
				081E01F22001C4080011203D /* CoreDataStack.swift */,
			);
			path = Model;
			sourceTree = "<group>";
		};
		081E01EF2001C2F80011203D /* Util */ = {
			isa = PBXGroup;
			children = (
				081E020C2001F79E0011203D /* BestSellerListName.swift */,
				081E01F02001C31C0011203D /* constant.swift */,
			);
			path = Util;
			sourceTree = "<group>";
		};
		081E01F42001C9380011203D /* View */ = {
			isa = PBXGroup;
			children = (
				081E01F52001C97D0011203D /* BookListCell.swift */,
				08B17DBB2002BFF200A0EE79 /* BookCells.swift */,
			);
			path = View;
			sourceTree = "<group>";
		};
		081E02032001DD0E0011203D /* Extensions */ = {
			isa = PBXGroup;
			children = (
				081E02042001DD0E0011203D /* MaterialView.swift */,
			);
			path = Extensions;
			sourceTree = "<group>";
		};
		9B8B35133DB8E2620EF3903E /* Frameworks */ = {
			isa = PBXGroup;
			children = (
				2DB0CDCEAA2927D05C6CD641 /* Pods_NYT_Best_Seller_Books.framework */,
			);
			name = Frameworks;
			sourceTree = "<group>";
		};
		BC759333F9601C25186D7F41 /* Pods */ = {
			isa = PBXGroup;
			children = (
				83F2E78AF2D7D46D1E290763 /* Pods-NYT Best Seller Books.debug.xcconfig */,
				BCD1E13CA9C54A3F8B2399B0 /* Pods-NYT Best Seller Books.release.xcconfig */,
			);
			name = Pods;
			sourceTree = "<group>";
		};
/* End PBXGroup section */

/* Begin PBXNativeTarget section */
		081E01BE200171870011203D /* NYT Best Seller Books */ = {
			isa = PBXNativeTarget;
			buildConfigurationList = 081E01D4200171870011203D /* Build configuration list for PBXNativeTarget "NYT Best Seller Books" */;
			buildPhases = (
				3A024E3D639278CECF075EA7 /* [CP] Check Pods Manifest.lock */,
				081E01BB200171870011203D /* Sources */,
				081E01BC200171870011203D /* Frameworks */,
				081E01BD200171870011203D /* Resources */,
				129351F447170DFB5C3425C2 /* [CP] Embed Pods Frameworks */,
				40FD4158F704073CA803D64B /* [CP] Copy Pods Resources */,
			);
			buildRules = (
			);
			dependencies = (
			);
			name = "NYT Best Seller Books";
			productName = "NYT Best Seller Books";
			productReference = 081E01BF200171870011203D /* NYT Best Seller Books.app */;
			productType = "com.apple.product-type.application";
		};
/* End PBXNativeTarget section */

/* Begin PBXProject section */
		081E01B7200171870011203D /* Project object */ = {
			isa = PBXProject;
			attributes = {
				LastSwiftUpdateCheck = 0920;
				LastUpgradeCheck = 0920;
				ORGANIZATIONNAME = "Lingeswaran Kandasamy";
				TargetAttributes = {
					081E01BE200171870011203D = {
						CreatedOnToolsVersion = 9.2;
						ProvisioningStyle = Automatic;
					};
				};
			};
			buildConfigurationList = 081E01BA200171870011203D /* Build configuration list for PBXProject "NYT Best Seller Books" */;
			compatibilityVersion = "Xcode 8.0";
			developmentRegion = en;
			hasScannedForEncodings = 0;
			knownRegions = (
				en,
				Base,
			);
			mainGroup = 081E01B6200171870011203D;
			productRefGroup = 081E01C0200171870011203D /* Products */;
			projectDirPath = "";
			projectRoot = "";
			targets = (
				081E01BE200171870011203D /* NYT Best Seller Books */,
			);
		};
/* End PBXProject section */

/* Begin PBXResourcesBuildPhase section */
		081E01BD200171870011203D /* Resources */ = {
			isa = PBXResourcesBuildPhase;
			buildActionMask = 2147483647;
			files = (
				081E01D0200171870011203D /* LaunchScreen.storyboard in Resources */,
				081E01CD200171870011203D /* Assets.xcassets in Resources */,
				081E01C8200171870011203D /* Main.storyboard in Resources */,
			);
			runOnlyForDeploymentPostprocessing = 0;
		};
/* End PBXResourcesBuildPhase section */

/* Begin PBXShellScriptBuildPhase section */
		129351F447170DFB5C3425C2 /* [CP] Embed Pods Frameworks */ = {
			isa = PBXShellScriptBuildPhase;
			buildActionMask = 2147483647;
			files = (
			);
			inputPaths = (
			);
			name = "[CP] Embed Pods Frameworks";
			outputPaths = (
			);
			runOnlyForDeploymentPostprocessing = 0;
			shellPath = /bin/sh;
			shellScript = "\"${SRCROOT}/Pods/Target Support Files/Pods-NYT Best Seller Books/Pods-NYT Best Seller Books-frameworks.sh\"\n";
			showEnvVarsInLog = 0;
		};
		3A024E3D639278CECF075EA7 /* [CP] Check Pods Manifest.lock */ = {
			isa = PBXShellScriptBuildPhase;
			buildActionMask = 2147483647;
			files = (
			);
			inputPaths = (
			);
			name = "[CP] Check Pods Manifest.lock";
			outputPaths = (
			);
			runOnlyForDeploymentPostprocessing = 0;
			shellPath = /bin/sh;
			shellScript = "diff \"${PODS_ROOT}/../Podfile.lock\" \"${PODS_ROOT}/Manifest.lock\" > /dev/null\nif [ $? != 0 ] ; then\n    # print error to STDERR\n    echo \"error: The sandbox is not in sync with the Podfile.lock. Run 'pod install' or update your CocoaPods installation.\" >&2\n    exit 1\nfi\n";
			showEnvVarsInLog = 0;
		};
		40FD4158F704073CA803D64B /* [CP] Copy Pods Resources */ = {
			isa = PBXShellScriptBuildPhase;
			buildActionMask = 2147483647;
			files = (
			);
			inputPaths = (
			);
			name = "[CP] Copy Pods Resources";
			outputPaths = (
			);
			runOnlyForDeploymentPostprocessing = 0;
			shellPath = /bin/sh;
			shellScript = "\"${SRCROOT}/Pods/Target Support Files/Pods-NYT Best Seller Books/Pods-NYT Best Seller Books-resources.sh\"\n";
			showEnvVarsInLog = 0;
		};
/* End PBXShellScriptBuildPhase section */

/* Begin PBXSourcesBuildPhase section */
		081E01BB200171870011203D /* Sources */ = {
			isa = PBXSourcesBuildPhase;
			buildActionMask = 2147483647;
			files = (
				081E01C5200171870011203D /* BestSellerListVC.swift in Sources */,
				081E020D2001F79E0011203D /* BestSellerListName.swift in Sources */,
				081E01FE2001CC600011203D /* LastSaleBy+CoreDataProperties.swift in Sources */,
				081E02022001CC600011203D /* BookList+CoreDataProperties.swift in Sources */,
				081E02012001CC600011203D /* BookList+CoreDataClass.swift in Sources */,
				081E02092001E01B0011203D /* BookDetailVC.swift in Sources */,
				081E01FF2001CC600011203D /* Books+CoreDataClass.swift in Sources */,
				081E02052001DD0E0011203D /* MaterialView.swift in Sources */,
				081E01FD2001CC600011203D /* LastSaleBy+CoreDataClass.swift in Sources */,
				081E01D9200171DC0011203D /* BookAPIService.swift in Sources */,
				081E02002001CC600011203D /* Books+CoreDataProperties.swift in Sources */,
				0896BEBD20044502003CE253 /* LoadImage.swift in Sources */,
				081E01F12001C31C0011203D /* constant.swift in Sources */,
				081E01F32001C4080011203D /* CoreDataStack.swift in Sources */,
				081E02072001DF7D0011203D /* BookService.swift in Sources */,
				08B17DBC2002BFF200A0EE79 /* BookCells.swift in Sources */,
				081E01F62001C97D0011203D /* BookListCell.swift in Sources */,
				081E01C3200171870011203D /* AppDelegate.swift in Sources */,
				081E01CB200171870011203D /* NYT_Best_Seller_Books.xcdatamodeld in Sources */,
			);
			runOnlyForDeploymentPostprocessing = 0;
		};
/* End PBXSourcesBuildPhase section */

/* Begin PBXVariantGroup section */
		081E01C6200171870011203D /* Main.storyboard */ = {
			isa = PBXVariantGroup;
			children = (
				081E01C7200171870011203D /* Base */,
			);
			name = Main.storyboard;
			sourceTree = "<group>";
		};
		081E01CE200171870011203D /* LaunchScreen.storyboard */ = {
			isa = PBXVariantGroup;
			children = (
				081E01CF200171870011203D /* Base */,
			);
			name = LaunchScreen.storyboard;
			sourceTree = "<group>";
		};
/* End PBXVariantGroup section */

/* Begin XCBuildConfiguration section */
		081E01D2200171870011203D /* Debug */ = {
			isa = XCBuildConfiguration;
			buildSettings = {
				ALWAYS_SEARCH_USER_PATHS = NO;
				CLANG_ANALYZER_NONNULL = YES;
				CLANG_ANALYZER_NUMBER_OBJECT_CONVERSION = YES_AGGRESSIVE;
				CLANG_CXX_LANGUAGE_STANDARD = "gnu++14";
				CLANG_CXX_LIBRARY = "libc++";
				CLANG_ENABLE_MODULES = YES;
				CLANG_ENABLE_OBJC_ARC = YES;
				CLANG_WARN_BLOCK_CAPTURE_AUTORELEASING = YES;
				CLANG_WARN_BOOL_CONVERSION = YES;
				CLANG_WARN_COMMA = YES;
				CLANG_WARN_CONSTANT_CONVERSION = YES;
				CLANG_WARN_DIRECT_OBJC_ISA_USAGE = YES_ERROR;
				CLANG_WARN_DOCUMENTATION_COMMENTS = YES;
				CLANG_WARN_EMPTY_BODY = YES;
				CLANG_WARN_ENUM_CONVERSION = YES;
				CLANG_WARN_INFINITE_RECURSION = YES;
				CLANG_WARN_INT_CONVERSION = YES;
				CLANG_WARN_NON_LITERAL_NULL_CONVERSION = YES;
				CLANG_WARN_OBJC_LITERAL_CONVERSION = YES;
				CLANG_WARN_OBJC_ROOT_CLASS = YES_ERROR;
				CLANG_WARN_RANGE_LOOP_ANALYSIS = YES;
				CLANG_WARN_STRICT_PROTOTYPES = YES;
				CLANG_WARN_SUSPICIOUS_MOVE = YES;
				CLANG_WARN_UNGUARDED_AVAILABILITY = YES_AGGRESSIVE;
				CLANG_WARN_UNREACHABLE_CODE = YES;
				CLANG_WARN__DUPLICATE_METHOD_MATCH = YES;
				CODE_SIGN_IDENTITY = "iPhone Developer";
				COPY_PHASE_STRIP = NO;
				DEBUG_INFORMATION_FORMAT = dwarf;
				ENABLE_STRICT_OBJC_MSGSEND = YES;
				ENABLE_TESTABILITY = YES;
				GCC_C_LANGUAGE_STANDARD = gnu11;
				GCC_DYNAMIC_NO_PIC = NO;
				GCC_NO_COMMON_BLOCKS = YES;
				GCC_OPTIMIZATION_LEVEL = 0;
				GCC_PREPROCESSOR_DEFINITIONS = (
					"DEBUG=1",
					"$(inherited)",
				);
				GCC_WARN_64_TO_32_BIT_CONVERSION = YES;
				GCC_WARN_ABOUT_RETURN_TYPE = YES_ERROR;
				GCC_WARN_UNDECLARED_SELECTOR = YES;
				GCC_WARN_UNINITIALIZED_AUTOS = YES_AGGRESSIVE;
				GCC_WARN_UNUSED_FUNCTION = YES;
				GCC_WARN_UNUSED_VARIABLE = YES;
				IPHONEOS_DEPLOYMENT_TARGET = 11.2;
				MTL_ENABLE_DEBUG_INFO = YES;
				ONLY_ACTIVE_ARCH = YES;
				SDKROOT = iphoneos;
				SWIFT_ACTIVE_COMPILATION_CONDITIONS = DEBUG;
				SWIFT_OPTIMIZATION_LEVEL = "-Onone";
			};
			name = Debug;
		};
		081E01D3200171870011203D /* Release */ = {
			isa = XCBuildConfiguration;
			buildSettings = {
				ALWAYS_SEARCH_USER_PATHS = NO;
				CLANG_ANALYZER_NONNULL = YES;
				CLANG_ANALYZER_NUMBER_OBJECT_CONVERSION = YES_AGGRESSIVE;
				CLANG_CXX_LANGUAGE_STANDARD = "gnu++14";
				CLANG_CXX_LIBRARY = "libc++";
				CLANG_ENABLE_MODULES = YES;
				CLANG_ENABLE_OBJC_ARC = YES;
				CLANG_WARN_BLOCK_CAPTURE_AUTORELEASING = YES;
				CLANG_WARN_BOOL_CONVERSION = YES;
				CLANG_WARN_COMMA = YES;
				CLANG_WARN_CONSTANT_CONVERSION = YES;
				CLANG_WARN_DIRECT_OBJC_ISA_USAGE = YES_ERROR;
				CLANG_WARN_DOCUMENTATION_COMMENTS = YES;
				CLANG_WARN_EMPTY_BODY = YES;
				CLANG_WARN_ENUM_CONVERSION = YES;
				CLANG_WARN_INFINITE_RECURSION = YES;
				CLANG_WARN_INT_CONVERSION = YES;
				CLANG_WARN_NON_LITERAL_NULL_CONVERSION = YES;
				CLANG_WARN_OBJC_LITERAL_CONVERSION = YES;
				CLANG_WARN_OBJC_ROOT_CLASS = YES_ERROR;
				CLANG_WARN_RANGE_LOOP_ANALYSIS = YES;
				CLANG_WARN_STRICT_PROTOTYPES = YES;
				CLANG_WARN_SUSPICIOUS_MOVE = YES;
				CLANG_WARN_UNGUARDED_AVAILABILITY = YES_AGGRESSIVE;
				CLANG_WARN_UNREACHABLE_CODE = YES;
				CLANG_WARN__DUPLICATE_METHOD_MATCH = YES;
				CODE_SIGN_IDENTITY = "iPhone Developer";
				COPY_PHASE_STRIP = NO;
				DEBUG_INFORMATION_FORMAT = "dwarf-with-dsym";
				ENABLE_NS_ASSERTIONS = NO;
				ENABLE_STRICT_OBJC_MSGSEND = YES;
				GCC_C_LANGUAGE_STANDARD = gnu11;
				GCC_NO_COMMON_BLOCKS = YES;
				GCC_WARN_64_TO_32_BIT_CONVERSION = YES;
				GCC_WARN_ABOUT_RETURN_TYPE = YES_ERROR;
				GCC_WARN_UNDECLARED_SELECTOR = YES;
				GCC_WARN_UNINITIALIZED_AUTOS = YES_AGGRESSIVE;
				GCC_WARN_UNUSED_FUNCTION = YES;
				GCC_WARN_UNUSED_VARIABLE = YES;
				IPHONEOS_DEPLOYMENT_TARGET = 11.2;
				MTL_ENABLE_DEBUG_INFO = NO;
				SDKROOT = iphoneos;
				SWIFT_OPTIMIZATION_LEVEL = "-Owholemodule";
				VALIDATE_PRODUCT = YES;
			};
			name = Release;
		};
		081E01D5200171870011203D /* Debug */ = {
			isa = XCBuildConfiguration;
			baseConfigurationReference = 83F2E78AF2D7D46D1E290763 /* Pods-NYT Best Seller Books.debug.xcconfig */;
			buildSettings = {
				ASSETCATALOG_COMPILER_APPICON_NAME = AppIcon;
				CODE_SIGN_STYLE = Automatic;
				DEVELOPMENT_TEAM = HV597UH4PF;
				INFOPLIST_FILE = "NYT Best Seller Books/Info.plist";
				LD_RUNPATH_SEARCH_PATHS = "$(inherited) @executable_path/Frameworks";
				PRODUCT_BUNDLE_IDENTIFIER = "com.acceka.NYT-Best-Seller-Books";
				PRODUCT_NAME = "$(TARGET_NAME)";
				SWIFT_VERSION = 4.0;
				TARGETED_DEVICE_FAMILY = "1,2";
			};
			name = Debug;
		};
		081E01D6200171870011203D /* Release */ = {
			isa = XCBuildConfiguration;
			baseConfigurationReference = BCD1E13CA9C54A3F8B2399B0 /* Pods-NYT Best Seller Books.release.xcconfig */;
			buildSettings = {
				ASSETCATALOG_COMPILER_APPICON_NAME = AppIcon;
				CODE_SIGN_STYLE = Automatic;
				DEVELOPMENT_TEAM = HV597UH4PF;
				INFOPLIST_FILE = "NYT Best Seller Books/Info.plist";
				LD_RUNPATH_SEARCH_PATHS = "$(inherited) @executable_path/Frameworks";
				PRODUCT_BUNDLE_IDENTIFIER = "com.acceka.NYT-Best-Seller-Books";
				PRODUCT_NAME = "$(TARGET_NAME)";
				SWIFT_VERSION = 4.0;
				TARGETED_DEVICE_FAMILY = "1,2";
			};
			name = Release;
		};
/* End XCBuildConfiguration section */

/* Begin XCConfigurationList section */
		081E01BA200171870011203D /* Build configuration list for PBXProject "NYT Best Seller Books" */ = {
			isa = XCConfigurationList;
			buildConfigurations = (
				081E01D2200171870011203D /* Debug */,
				081E01D3200171870011203D /* Release */,
			);
			defaultConfigurationIsVisible = 0;
			defaultConfigurationName = Release;
		};
		081E01D4200171870011203D /* Build configuration list for PBXNativeTarget "NYT Best Seller Books" */ = {
			isa = XCConfigurationList;
			buildConfigurations = (
				081E01D5200171870011203D /* Debug */,
				081E01D6200171870011203D /* Release */,
			);
			defaultConfigurationIsVisible = 0;
			defaultConfigurationName = Release;
		};
/* End XCConfigurationList section */

/* Begin XCVersionGroup section */
		081E01C9200171870011203D /* NYT_Best_Seller_Books.xcdatamodeld */ = {
			isa = XCVersionGroup;
			children = (
				081E01CA200171870011203D /* NYT_Best_Seller_Books.xcdatamodel */,
			);
			currentVersion = 081E01CA200171870011203D /* NYT_Best_Seller_Books.xcdatamodel */;
			path = NYT_Best_Seller_Books.xcdatamodeld;
			sourceTree = "<group>";
			versionGroupType = wrapper.xcdatamodel;
		};
/* End XCVersionGroup section */
	};
	rootObject = 081E01B7200171870011203D /* Project object */;
}
